// !$*UTF8*$!
{
	archiveVersion = 1;
	classes = {
	};
	objectVersion = 50;
	objects = {

/* Begin PBXBuildFile section */
		00F7F61528B5867A000CB5C2 /* AppDelegate.swift in Sources */ = {isa = PBXBuildFile; fileRef = 00F7F61428B5867A000CB5C2 /* AppDelegate.swift */; };
		00F7F61728B5867A000CB5C2 /* SceneDelegate.swift in Sources */ = {isa = PBXBuildFile; fileRef = 00F7F61628B5867A000CB5C2 /* SceneDelegate.swift */; };
		00F7F61928B5867A000CB5C2 /* ViewController.swift in Sources */ = {isa = PBXBuildFile; fileRef = 00F7F61828B5867A000CB5C2 /* ViewController.swift */; };
		00F7F61C28B5867A000CB5C2 /* Main.storyboard in Resources */ = {isa = PBXBuildFile; fileRef = 00F7F61A28B5867A000CB5C2 /* Main.storyboard */; };
		00F7F61E28B5867C000CB5C2 /* Assets.xcassets in Resources */ = {isa = PBXBuildFile; fileRef = 00F7F61D28B5867C000CB5C2 /* Assets.xcassets */; };
		00F7F62128B5867C000CB5C2 /* LaunchScreen.storyboard in Resources */ = {isa = PBXBuildFile; fileRef = 00F7F61F28B5867C000CB5C2 /* LaunchScreen.storyboard */; };
		00F7F62C28B5867C000CB5C2 /* QuizTests.swift in Sources */ = {isa = PBXBuildFile; fileRef = 00F7F62B28B5867C000CB5C2 /* QuizTests.swift */; };
		00F7F63728B5867C000CB5C2 /* QuizUITests.swift in Sources */ = {isa = PBXBuildFile; fileRef = 00F7F63628B5867C000CB5C2 /* QuizUITests.swift */; };
/* End PBXBuildFile section */

/* Begin PBXContainerItemProxy section */
		00F7F62828B5867C000CB5C2 /* PBXContainerItemProxy */ = {
			isa = PBXContainerItemProxy;
			containerPortal = 00F7F60928B5867A000CB5C2 /* Project object */;
			proxyType = 1;
			remoteGlobalIDString = 00F7F61028B5867A000CB5C2;
			remoteInfo = Quiz;
		};
		00F7F63328B5867C000CB5C2 /* PBXContainerItemProxy */ = {
			isa = PBXContainerItemProxy;
			containerPortal = 00F7F60928B5867A000CB5C2 /* Project object */;
			proxyType = 1;
			remoteGlobalIDString = 00F7F61028B5867A000CB5C2;
			remoteInfo = Quiz;
		};
/* End PBXContainerItemProxy section */

/* Begin PBXFileReference section */
		00F7F61128B5867A000CB5C2 /* Quiz.app */ = {isa = PBXFileReference; explicitFileType = wrapper.application; includeInIndex = 0; path = Quiz.app; sourceTree = BUILT_PRODUCTS_DIR; };
		00F7F61428B5867A000CB5C2 /* AppDelegate.swift */ = {isa = PBXFileReference; lastKnownFileType = sourcecode.swift; path = AppDelegate.swift; sourceTree = "<group>"; };
		00F7F61628B5867A000CB5C2 /* SceneDelegate.swift */ = {isa = PBXFileReference; lastKnownFileType = sourcecode.swift; path = SceneDelegate.swift; sourceTree = "<group>"; };
		00F7F61828B5867A000CB5C2 /* ViewController.swift */ = {isa = PBXFileReference; lastKnownFileType = sourcecode.swift; path = ViewController.swift; sourceTree = "<group>"; };
		00F7F61B28B5867A000CB5C2 /* Base */ = {isa = PBXFileReference; lastKnownFileType = file.storyboard; name = Base; path = Base.lproj/Main.storyboard; sourceTree = "<group>"; };
		00F7F61D28B5867C000CB5C2 /* Assets.xcassets */ = {isa = PBXFileReference; lastKnownFileType = folder.assetcatalog; path = Assets.xcassets; sourceTree = "<group>"; };
		00F7F62028B5867C000CB5C2 /* Base */ = {isa = PBXFileReference; lastKnownFileType = file.storyboard; name = Base; path = Base.lproj/LaunchScreen.storyboard; sourceTree = "<group>"; };
		00F7F62228B5867C000CB5C2 /* Info.plist */ = {isa = PBXFileReference; lastKnownFileType = text.plist.xml; path = Info.plist; sourceTree = "<group>"; };
		00F7F62728B5867C000CB5C2 /* QuizTests.xctest */ = {isa = PBXFileReference; explicitFileType = wrapper.cfbundle; includeInIndex = 0; path = QuizTests.xctest; sourceTree = BUILT_PRODUCTS_DIR; };
		00F7F62B28B5867C000CB5C2 /* QuizTests.swift */ = {isa = PBXFileReference; lastKnownFileType = sourcecode.swift; path = QuizTests.swift; sourceTree = "<group>"; };
		00F7F62D28B5867C000CB5C2 /* Info.plist */ = {isa = PBXFileReference; lastKnownFileType = text.plist.xml; path = Info.plist; sourceTree = "<group>"; };
		00F7F63228B5867C000CB5C2 /* QuizUITests.xctest */ = {isa = PBXFileReference; explicitFileType = wrapper.cfbundle; includeInIndex = 0; path = QuizUITests.xctest; sourceTree = BUILT_PRODUCTS_DIR; };
		00F7F63628B5867C000CB5C2 /* QuizUITests.swift */ = {isa = PBXFileReference; lastKnownFileType = sourcecode.swift; path = QuizUITests.swift; sourceTree = "<group>"; };
		00F7F63828B5867C000CB5C2 /* Info.plist */ = {isa = PBXFileReference; lastKnownFileType = text.plist.xml; path = Info.plist; sourceTree = "<group>"; };
/* End PBXFileReference section */

/* Begin PBXFrameworksBuildPhase section */
		00F7F60E28B5867A000CB5C2 /* Frameworks */ = {
			isa = PBXFrameworksBuildPhase;
			buildActionMask = 2147483647;
			files = (
			);
			runOnlyForDeploymentPostprocessing = 0;
		};
		00F7F62428B5867C000CB5C2 /* Frameworks */ = {
			isa = PBXFrameworksBuildPhase;
			buildActionMask = 2147483647;
			files = (
			);
			runOnlyForDeploymentPostprocessing = 0;
		};
		00F7F62F28B5867C000CB5C2 /* Frameworks */ = {
			isa = PBXFrameworksBuildPhase;
			buildActionMask = 2147483647;
			files = (
			);
			runOnlyForDeploymentPostprocessing = 0;
		};
/* End PBXFrameworksBuildPhase section */

/* Begin PBXGroup section */
		00F7F60828B5867A000CB5C2 = {
			isa = PBXGroup;
			children = (
				00F7F61328B5867A000CB5C2 /* Quiz */,
				00F7F62A28B5867C000CB5C2 /* QuizTests */,
				00F7F63528B5867C000CB5C2 /* QuizUITests */,
				00F7F61228B5867A000CB5C2 /* Products */,
			);
			sourceTree = "<group>";
		};
		00F7F61228B5867A000CB5C2 /* Products */ = {
			isa = PBXGroup;
			children = (
				00F7F61128B5867A000CB5C2 /* Quiz.app */,
				00F7F62728B5867C000CB5C2 /* QuizTests.xctest */,
				00F7F63228B5867C000CB5C2 /* QuizUITests.xctest */,
			);
			name = Products;
			sourceTree = "<group>";
		};
		00F7F61328B5867A000CB5C2 /* Quiz */ = {
			isa = PBXGroup;
			children = (
				00F7F61428B5867A000CB5C2 /* AppDelegate.swift */,
				00F7F61628B5867A000CB5C2 /* SceneDelegate.swift */,
				00F7F61828B5867A000CB5C2 /* ViewController.swift */,
				00F7F61A28B5867A000CB5C2 /* Main.storyboard */,
				00F7F61D28B5867C000CB5C2 /* Assets.xcassets */,
				00F7F61F28B5867C000CB5C2 /* LaunchScreen.storyboard */,
				00F7F62228B5867C000CB5C2 /* Info.plist */,
			);
			path = Quiz;
			sourceTree = "<group>";
		};
		00F7F62A28B5867C000CB5C2 /* QuizTests */ = {
			isa = PBXGroup;
			children = (
				00F7F62B28B5867C000CB5C2 /* QuizTests.swift */,
				00F7F62D28B5867C000CB5C2 /* Info.plist */,
			);
			path = QuizTests;
			sourceTree = "<group>";
		};
		00F7F63528B5867C000CB5C2 /* QuizUITests */ = {
			isa = PBXGroup;
			children = (
				00F7F63628B5867C000CB5C2 /* QuizUITests.swift */,
				00F7F63828B5867C000CB5C2 /* Info.plist */,
			);
			path = QuizUITests;
			sourceTree = "<group>";
		};
/* End PBXGroup section */

/* Begin PBXNativeTarget section */
		00F7F61028B5867A000CB5C2 /* Quiz */ = {
			isa = PBXNativeTarget;
			buildConfigurationList = 00F7F63B28B5867C000CB5C2 /* Build configuration list for PBXNativeTarget "Quiz" */;
			buildPhases = (
				00F7F60D28B5867A000CB5C2 /* Sources */,
				00F7F60E28B5867A000CB5C2 /* Frameworks */,
				00F7F60F28B5867A000CB5C2 /* Resources */,
			);
			buildRules = (
			);
			dependencies = (
			);
			name = Quiz;
			productName = Quiz;
			productReference = 00F7F61128B5867A000CB5C2 /* Quiz.app */;
			productType = "com.apple.product-type.application";
		};
		00F7F62628B5867C000CB5C2 /* QuizTests */ = {
			isa = PBXNativeTarget;
			buildConfigurationList = 00F7F63E28B5867C000CB5C2 /* Build configuration list for PBXNativeTarget "QuizTests" */;
			buildPhases = (
				00F7F62328B5867C000CB5C2 /* Sources */,
				00F7F62428B5867C000CB5C2 /* Frameworks */,
				00F7F62528B5867C000CB5C2 /* Resources */,
			);
			buildRules = (
			);
			dependencies = (
				00F7F62928B5867C000CB5C2 /* PBXTargetDependency */,
			);
			name = QuizTests;
			productName = QuizTests;
			productReference = 00F7F62728B5867C000CB5C2 /* QuizTests.xctest */;
			productType = "com.apple.product-type.bundle.unit-test";
		};
		00F7F63128B5867C000CB5C2 /* QuizUITests */ = {
			isa = PBXNativeTarget;
			buildConfigurationList = 00F7F64128B5867C000CB5C2 /* Build configuration list for PBXNativeTarget "QuizUITests" */;
			buildPhases = (
				00F7F62E28B5867C000CB5C2 /* Sources */,
				00F7F62F28B5867C000CB5C2 /* Frameworks */,
				00F7F63028B5867C000CB5C2 /* Resources */,
			);
			buildRules = (
			);
			dependencies = (
				00F7F63428B5867C000CB5C2 /* PBXTargetDependency */,
			);
			name = QuizUITests;
			productName = QuizUITests;
			productReference = 00F7F63228B5867C000CB5C2 /* QuizUITests.xctest */;
			productType = "com.apple.product-type.bundle.ui-testing";
		};
/* End PBXNativeTarget section */

/* Begin PBXProject section */
		00F7F60928B5867A000CB5C2 /* Project object */ = {
			isa = PBXProject;
			attributes = {
				LastSwiftUpdateCheck = 1250;
				LastUpgradeCheck = 1250;
				TargetAttributes = {
					00F7F61028B5867A000CB5C2 = {
						CreatedOnToolsVersion = 12.5.1;
					};
					00F7F62628B5867C000CB5C2 = {
						CreatedOnToolsVersion = 12.5.1;
						TestTargetID = 00F7F61028B5867A000CB5C2;
					};
					00F7F63128B5867C000CB5C2 = {
						CreatedOnToolsVersion = 12.5.1;
						TestTargetID = 00F7F61028B5867A000CB5C2;
					};
				};
			};
			buildConfigurationList = 00F7F60C28B5867A000CB5C2 /* Build configuration list for PBXProject "Quiz" */;
			compatibilityVersion = "Xcode 9.3";
			developmentRegion = en;
			hasScannedForEncodings = 0;
			knownRegions = (
				en,
				Base,
			);
			mainGroup = 00F7F60828B5867A000CB5C2;
			productRefGroup = 00F7F61228B5867A000CB5C2 /* Products */;
			projectDirPath = "";
			projectRoot = "";
			targets = (
				00F7F61028B5867A000CB5C2 /* Quiz */,
				00F7F62628B5867C000CB5C2 /* QuizTests */,
				00F7F63128B5867C000CB5C2 /* QuizUITests */,
			);
		};
/* End PBXProject section */

/* Begin PBXResourcesBuildPhase section */
		00F7F60F28B5867A000CB5C2 /* Resources */ = {
			isa = PBXResourcesBuildPhase;
			buildActionMask = 2147483647;
			files = (
				00F7F62128B5867C000CB5C2 /* LaunchScreen.storyboard in Resources */,
				00F7F61E28B5867C000CB5C2 /* Assets.xcassets in Resources */,
				00F7F61C28B5867A000CB5C2 /* Main.storyboard in Resources */,
			);
			runOnlyForDeploymentPostprocessing = 0;
		};
		00F7F62528B5867C000CB5C2 /* Resources */ = {
			isa = PBXResourcesBuildPhase;
			buildActionMask = 2147483647;
			files = (
			);
			runOnlyForDeploymentPostprocessing = 0;
		};
		00F7F63028B5867C000CB5C2 /* Resources */ = {
			isa = PBXResourcesBuildPhase;
			buildActionMask = 2147483647;
			files = (
			);
			runOnlyForDeploymentPostprocessing = 0;
		};
/* End PBXResourcesBuildPhase section */

/* Begin PBXSourcesBuildPhase section */
		00F7F60D28B5867A000CB5C2 /* Sources */ = {
			isa = PBXSourcesBuildPhase;
			buildActionMask = 2147483647;
			files = (
				00F7F61928B5867A000CB5C2 /* ViewController.swift in Sources */,
				00F7F61528B5867A000CB5C2 /* AppDelegate.swift in Sources */,
				00F7F61728B5867A000CB5C2 /* SceneDelegate.swift in Sources */,
			);
			runOnlyForDeploymentPostprocessing = 0;
		};
		00F7F62328B5867C000CB5C2 /* Sources */ = {
			isa = PBXSourcesBuildPhase;
			buildActionMask = 2147483647;
			files = (
				00F7F62C28B5867C000CB5C2 /* QuizTests.swift in Sources */,
			);
			runOnlyForDeploymentPostprocessing = 0;
		};
		00F7F62E28B5867C000CB5C2 /* Sources */ = {
			isa = PBXSourcesBuildPhase;
			buildActionMask = 2147483647;
			files = (
				00F7F63728B5867C000CB5C2 /* QuizUITests.swift in Sources */,
			);
			runOnlyForDeploymentPostprocessing = 0;
		};
/* End PBXSourcesBuildPhase section */

/* Begin PBXTargetDependency section */
		00F7F62928B5867C000CB5C2 /* PBXTargetDependency */ = {
			isa = PBXTargetDependency;
			target = 00F7F61028B5867A000CB5C2 /* Quiz */;
			targetProxy = 00F7F62828B5867C000CB5C2 /* PBXContainerItemProxy */;
		};
		00F7F63428B5867C000CB5C2 /* PBXTargetDependency */ = {
			isa = PBXTargetDependency;
			target = 00F7F61028B5867A000CB5C2 /* Quiz */;
			targetProxy = 00F7F63328B5867C000CB5C2 /* PBXContainerItemProxy */;
		};
/* End PBXTargetDependency section */

/* Begin PBXVariantGroup section */
		00F7F61A28B5867A000CB5C2 /* Main.storyboard */ = {
			isa = PBXVariantGroup;
			children = (
				00F7F61B28B5867A000CB5C2 /* Base */,
			);
			name = Main.storyboard;
			sourceTree = "<group>";
		};
		00F7F61F28B5867C000CB5C2 /* LaunchScreen.storyboard */ = {
			isa = PBXVariantGroup;
			children = (
				00F7F62028B5867C000CB5C2 /* Base */,
			);
			name = LaunchScreen.storyboard;
			sourceTree = "<group>";
		};
/* End PBXVariantGroup section */

/* Begin XCBuildConfiguration section */
		00F7F63928B5867C000CB5C2 /* Debug */ = {
			isa = XCBuildConfiguration;
			buildSettings = {
				ALWAYS_SEARCH_USER_PATHS = NO;
				CLANG_ANALYZER_NONNULL = YES;
				CLANG_ANALYZER_NUMBER_OBJECT_CONVERSION = YES_AGGRESSIVE;
				CLANG_CXX_LANGUAGE_STANDARD = "gnu++14";
				CLANG_CXX_LIBRARY = "libc++";
				CLANG_ENABLE_MODULES = YES;
				CLANG_ENABLE_OBJC_ARC = YES;
				CLANG_ENABLE_OBJC_WEAK = YES;
				CLANG_WARN_BLOCK_CAPTURE_AUTORELEASING = YES;
				CLANG_WARN_BOOL_CONVERSION = YES;
				CLANG_WARN_COMMA = YES;
				CLANG_WARN_CONSTANT_CONVERSION = YES;
				CLANG_WARN_DEPRECATED_OBJC_IMPLEMENTATIONS = YES;
				CLANG_WARN_DIRECT_OBJC_ISA_USAGE = YES_ERROR;
				CLANG_WARN_DOCUMENTATION_COMMENTS = YES;
				CLANG_WARN_EMPTY_BODY = YES;
				CLANG_WARN_ENUM_CONVERSION = YES;
				CLANG_WARN_INFINITE_RECURSION = YES;
				CLANG_WARN_INT_CONVERSION = YES;
				CLANG_WARN_NON_LITERAL_NULL_CONVERSION = YES;
				CLANG_WARN_OBJC_IMPLICIT_RETAIN_SELF = YES;
				CLANG_WARN_OBJC_LITERAL_CONVERSION = YES;
				CLANG_WARN_OBJC_ROOT_CLASS = YES_ERROR;
				CLANG_WARN_QUOTED_INCLUDE_IN_FRAMEWORK_HEADER = YES;
				CLANG_WARN_RANGE_LOOP_ANALYSIS = YES;
				CLANG_WARN_STRICT_PROTOTYPES = YES;
				CLANG_WARN_SUSPICIOUS_MOVE = YES;
				CLANG_WARN_UNGUARDED_AVAILABILITY = YES_AGGRESSIVE;
				CLANG_WARN_UNREACHABLE_CODE = YES;
				CLANG_WARN__DUPLICATE_METHOD_MATCH = YES;
				COPY_PHASE_STRIP = NO;
				DEBUG_INFORMATION_FORMAT = dwarf;
				ENABLE_STRICT_OBJC_MSGSEND = YES;
				ENABLE_TESTABILITY = YES;
				GCC_C_LANGUAGE_STANDARD = gnu11;
				GCC_DYNAMIC_NO_PIC = NO;
				GCC_NO_COMMON_BLOCKS = YES;
				GCC_OPTIMIZATION_LEVEL = 0;
				GCC_PREPROCESSOR_DEFINITIONS = (
					"DEBUG=1",
					"$(inherited)",
				);
				GCC_WARN_64_TO_32_BIT_CONVERSION = YES;
				GCC_WARN_ABOUT_RETURN_TYPE = YES_ERROR;
				GCC_WARN_UNDECLARED_SELECTOR = YES;
				GCC_WARN_UNINITIALIZED_AUTOS = YES_AGGRESSIVE;
				GCC_WARN_UNUSED_FUNCTION = YES;
				GCC_WARN_UNUSED_VARIABLE = YES;
				IPHONEOS_DEPLOYMENT_TARGET = 14.5;
				MTL_ENABLE_DEBUG_INFO = INCLUDE_SOURCE;
				MTL_FAST_MATH = YES;
				ONLY_ACTIVE_ARCH = YES;
				SDKROOT = iphoneos;
				SWIFT_ACTIVE_COMPILATION_CONDITIONS = DEBUG;
				SWIFT_OPTIMIZATION_LEVEL = "-Onone";
			};
			name = Debug;
		};
		00F7F63A28B5867C000CB5C2 /* Release */ = {
			isa = XCBuildConfiguration;
			buildSettings = {
				ALWAYS_SEARCH_USER_PATHS = NO;
				CLANG_ANALYZER_NONNULL = YES;
				CLANG_ANALYZER_NUMBER_OBJECT_CONVERSION = YES_AGGRESSIVE;
				CLANG_CXX_LANGUAGE_STANDARD = "gnu++14";
				CLANG_CXX_LIBRARY = "libc++";
				CLANG_ENABLE_MODULES = YES;
				CLANG_ENABLE_OBJC_ARC = YES;
				CLANG_ENABLE_OBJC_WEAK = YES;
				CLANG_WARN_BLOCK_CAPTURE_AUTORELEASING = YES;
				CLANG_WARN_BOOL_CONVERSION = YES;
				CLANG_WARN_COMMA = YES;
				CLANG_WARN_CONSTANT_CONVERSION = YES;
				CLANG_WARN_DEPRECATED_OBJC_IMPLEMENTATIONS = YES;
				CLANG_WARN_DIRECT_OBJC_ISA_USAGE = YES_ERROR;
				CLANG_WARN_DOCUMENTATION_COMMENTS = YES;
				CLANG_WARN_EMPTY_BODY = YES;
				CLANG_WARN_ENUM_CONVERSION = YES;
				CLANG_WARN_INFINITE_RECURSION = YES;
				CLANG_WARN_INT_CONVERSION = YES;
				CLANG_WARN_NON_LITERAL_NULL_CONVERSION = YES;
				CLANG_WARN_OBJC_IMPLICIT_RETAIN_SELF = YES;
				CLANG_WARN_OBJC_LITERAL_CONVERSION = YES;
				CLANG_WARN_OBJC_ROOT_CLASS = YES_ERROR;
				CLANG_WARN_QUOTED_INCLUDE_IN_FRAMEWORK_HEADER = YES;
				CLANG_WARN_RANGE_LOOP_ANALYSIS = YES;
				CLANG_WARN_STRICT_PROTOTYPES = YES;
				CLANG_WARN_SUSPICIOUS_MOVE = YES;
				CLANG_WARN_UNGUARDED_AVAILABILITY = YES_AGGRESSIVE;
				CLANG_WARN_UNREACHABLE_CODE = YES;
				CLANG_WARN__DUPLICATE_METHOD_MATCH = YES;
				COPY_PHASE_STRIP = NO;
				DEBUG_INFORMATION_FORMAT = "dwarf-with-dsym";
				ENABLE_NS_ASSERTIONS = NO;
				ENABLE_STRICT_OBJC_MSGSEND = YES;
				GCC_C_LANGUAGE_STANDARD = gnu11;
				GCC_NO_COMMON_BLOCKS = YES;
				GCC_WARN_64_TO_32_BIT_CONVERSION = YES;
				GCC_WARN_ABOUT_RETURN_TYPE = YES_ERROR;
				GCC_WARN_UNDECLARED_SELECTOR = YES;
				GCC_WARN_UNINITIALIZED_AUTOS = YES_AGGRESSIVE;
				GCC_WARN_UNUSED_FUNCTION = YES;
				GCC_WARN_UNUSED_VARIABLE = YES;
				IPHONEOS_DEPLOYMENT_TARGET = 14.5;
				MTL_ENABLE_DEBUG_INFO = NO;
				MTL_FAST_MATH = YES;
				SDKROOT = iphoneos;
				SWIFT_COMPILATION_MODE = wholemodule;
				SWIFT_OPTIMIZATION_LEVEL = "-O";
				VALIDATE_PRODUCT = YES;
			};
			name = Release;
		};
		00F7F63C28B5867C000CB5C2 /* Debug */ = {
			isa = XCBuildConfiguration;
			buildSettings = {
				ASSETCATALOG_COMPILER_APPICON_NAME = AppIcon;
				ASSETCATALOG_COMPILER_GLOBAL_ACCENT_COLOR_NAME = AccentColor;
				CODE_SIGN_IDENTITY = "Apple Development";
				CODE_SIGN_STYLE = Manual;
				DEVELOPMENT_TEAM = "";
				INFOPLIST_FILE = Quiz/Info.plist;
				LD_RUNPATH_SEARCH_PATHS = (
					"$(inherited)",
					"@executable_path/Frameworks",
				);
				PRODUCT_BUNDLE_IDENTIFIER = com.ryzedesign.Quiz;
				PRODUCT_NAME = "$(TARGET_NAME)";
				PROVISIONING_PROFILE_SPECIFIER = "";
				SWIFT_VERSION = 5.0;
				TARGETED_DEVICE_FAMILY = "1,2";
			};
			name = Debug;
		};
		00F7F63D28B5867C000CB5C2 /* Release */ = {
			isa = XCBuildConfiguration;
			buildSettings = {
				ASSETCATALOG_COMPILER_APPICON_NAME = AppIcon;
				ASSETCATALOG_COMPILER_GLOBAL_ACCENT_COLOR_NAME = AccentColor;
				CODE_SIGN_IDENTITY = "Apple Development";
				CODE_SIGN_STYLE = Manual;
				DEVELOPMENT_TEAM = "";
				INFOPLIST_FILE = Quiz/Info.plist;
				LD_RUNPATH_SEARCH_PATHS = (
					"$(inherited)",
					"@executable_path/Frameworks",
				);
				PRODUCT_BUNDLE_IDENTIFIER = com.ryzedesign.Quiz;
				PRODUCT_NAME = "$(TARGET_NAME)";
				PROVISIONING_PROFILE_SPECIFIER = "";
				SWIFT_VERSION = 5.0;
				TARGETED_DEVICE_FAMILY = "1,2";
			};
			name = Release;
		};
		00F7F63F28B5867C000CB5C2 /* Debug */ = {
			isa = XCBuildConfiguration;
			buildSettings = {
				ALWAYS_EMBED_SWIFT_STANDARD_LIBRARIES = YES;
				BUNDLE_LOADER = "$(TEST_HOST)";
				CODE_SIGN_STYLE = Automatic;
				INFOPLIST_FILE = QuizTests/Info.plist;
				IPHONEOS_DEPLOYMENT_TARGET = 14.5;
				LD_RUNPATH_SEARCH_PATHS = (
					"$(inherited)",
					"@executable_path/Frameworks",
					"@loader_path/Frameworks",
				);
				PRODUCT_BUNDLE_IDENTIFIER = com.ryzedesign.QuizTests;
				PRODUCT_NAME = "$(TARGET_NAME)";
				SWIFT_VERSION = 5.0;
				TARGETED_DEVICE_FAMILY = "1,2";
				TEST_HOST = "$(BUILT_PRODUCTS_DIR)/Quiz.app/Quiz";
			};
			name = Debug;
		};
		00F7F64028B5867C000CB5C2 /* Release */ = {
			isa = XCBuildConfiguration;
			buildSettings = {
				ALWAYS_EMBED_SWIFT_STANDARD_LIBRARIES = YES;
				BUNDLE_LOADER = "$(TEST_HOST)";
				CODE_SIGN_STYLE = Automatic;
				INFOPLIST_FILE = QuizTests/Info.plist;
				IPHONEOS_DEPLOYMENT_TARGET = 14.5;
				LD_RUNPATH_SEARCH_PATHS = (
					"$(inherited)",
					"@executable_path/Frameworks",
					"@loader_path/Frameworks",
				);
				PRODUCT_BUNDLE_IDENTIFIER = com.ryzedesign.QuizTests;
				PRODUCT_NAME = "$(TARGET_NAME)";
				SWIFT_VERSION = 5.0;
				TARGETED_DEVICE_FAMILY = "1,2";
				TEST_HOST = "$(BUILT_PRODUCTS_DIR)/Quiz.app/Quiz";
			};
			name = Release;
		};
		00F7F64228B5867C000CB5C2 /* Debug */ = {
			isa = XCBuildConfiguration;
			buildSettings = {
				ALWAYS_EMBED_SWIFT_STANDARD_LIBRARIES = YES;
				CODE_SIGN_STYLE = Automatic;
				INFOPLIST_FILE = QuizUITests/Info.plist;
				LD_RUNPATH_SEARCH_PATHS = (
					"$(inherited)",
					"@executable_path/Frameworks",
					"@loader_path/Frameworks",
				);
				PRODUCT_BUNDLE_IDENTIFIER = com.ryzedesign.QuizUITests;
				PRODUCT_NAME = "$(TARGET_NAME)";
				SWIFT_VERSION = 5.0;
				TARGETED_DEVICE_FAMILY = "1,2";
				TEST_TARGET_NAME = Quiz;
			};
			name = Debug;
		};
		00F7F64328B5867C000CB5C2 /* Release */ = {
			isa = XCBuildConfiguration;
			buildSettings = {
				ALWAYS_EMBED_SWIFT_STANDARD_LIBRARIES = YES;
				CODE_SIGN_STYLE = Automatic;
				INFOPLIST_FILE = QuizUITests/Info.plist;
				LD_RUNPATH_SEARCH_PATHS = (
					"$(inherited)",
					"@executable_path/Frameworks",
					"@loader_path/Frameworks",
				);
				PRODUCT_BUNDLE_IDENTIFIER = com.ryzedesign.QuizUITests;
				PRODUCT_NAME = "$(TARGET_NAME)";
				SWIFT_VERSION = 5.0;
				TARGETED_DEVICE_FAMILY = "1,2";
				TEST_TARGET_NAME = Quiz;
			};
			name = Release;
		};
/* End XCBuildConfiguration section */

/* Begin XCConfigurationList section */
		00F7F60C28B5867A000CB5C2 /* Build configuration list for PBXProject "Quiz" */ = {
			isa = XCConfigurationList;
			buildConfigurations = (
				00F7F63928B5867C000CB5C2 /* Debug */,
				00F7F63A28B5867C000CB5C2 /* Release */,
			);
			defaultConfigurationIsVisible = 0;
			defaultConfigurationName = Release;
		};
		00F7F63B28B5867C000CB5C2 /* Build configuration list for PBXNativeTarget "Quiz" */ = {
			isa = XCConfigurationList;
			buildConfigurations = (
				00F7F63C28B5867C000CB5C2 /* Debug */,
				00F7F63D28B5867C000CB5C2 /* Release */,
			);
			defaultConfigurationIsVisible = 0;
			defaultConfigurationName = Release;
		};
		00F7F63E28B5867C000CB5C2 /* Build configuration list for PBXNativeTarget "QuizTests" */ = {
			isa = XCConfigurationList;
			buildConfigurations = (
				00F7F63F28B5867C000CB5C2 /* Debug */,
				00F7F64028B5867C000CB5C2 /* Release */,
			);
			defaultConfigurationIsVisible = 0;
			defaultConfigurationName = Release;
		};
		00F7F64128B5867C000CB5C2 /* Build configuration list for PBXNativeTarget "QuizUITests" */ = {
			isa = XCConfigurationList;
			buildConfigurations = (
				00F7F64228B5867C000CB5C2 /* Debug */,
				00F7F64328B5867C000CB5C2 /* Release */,
			);
			defaultConfigurationIsVisible = 0;
			defaultConfigurationName = Release;
		};
/* End XCConfigurationList section */
	};
	rootObject = 00F7F60928B5867A000CB5C2 /* Project object */;
}
